
Microsoft Visual Studio Solution File, Format Version 12.00
# Visual Studio 14
VisualStudioVersion = 14.0.25123.0
MinimumVisualStudioVersion = 10.0.40219.1
Project("{FAE04EC0-301F-11D3-BF4B-00C04F79EFBC}") = "TopSpotsAPI", "11-TopSpotsAPI\TopSpotsAPI.csproj", "{4E3E87D3-3F01-476D-A763-1C8F9A2B0652}"
EndProject
Global
	GlobalSection(SolutionConfigurationPlatforms) = preSolution
		Debug|Any CPU = Debug|Any CPU
		Release|Any CPU = Release|Any CPU
	EndGlobalSection
	GlobalSection(ProjectConfigurationPlatforms) = postSolution
		{4E3E87D3-3F01-476D-A763-1C8F9A2B0652}.Debug|Any CPU.ActiveCfg = Debug|Any CPU
		{4E3E87D3-3F01-476D-A763-1C8F9A2B0652}.Debug|Any CPU.Build.0 = Debug|Any CPU
		{4E3E87D3-3F01-476D-A763-1C8F9A2B0652}.Release|Any CPU.ActiveCfg = Release|Any CPU
		{4E3E87D3-3F01-476D-A763-1C8F9A2B0652}.Release|Any CPU.Build.0 = Release|Any CPU
	EndGlobalSection
	GlobalSection(SolutionProperties) = preSolution
		HideSolutionNode = FALSE
	EndGlobalSection
EndGlobal
